
Microsoft Visual Studio Solution File, Format Version 12.00
# Visual Studio 2012
Project("{8BC9CEB8-8B4A-11D0-8D11-00A0C91BC942}") = "NinePieces", "NinePieces\NinePieces.vcxproj", "{8C42695C-A7EA-4665-BDA5-966DA8B07321}"
EndProject
Project("{8BC9CEB8-8B4A-11D0-8D11-00A0C91BC942}") = "TestingCode", "TestingCode\TestingCode.vcxproj", "{FF93558E-B91C-4244-8D54-C12EBF530070}"
EndProject
Global
	GlobalSection(SolutionConfigurationPlatforms) = preSolution
		Debug|Win32 = Debug|Win32
		Release|Win32 = Release|Win32
	EndGlobalSection
	GlobalSection(ProjectConfigurationPlatforms) = postSolution
		{8C42695C-A7EA-4665-BDA5-966DA8B07321}.Debug|Win32.ActiveCfg = Debug|Win32
		{8C42695C-A7EA-4665-BDA5-966DA8B07321}.Debug|Win32.Build.0 = Debug|Win32
		{8C42695C-A7EA-4665-BDA5-966DA8B07321}.Release|Win32.ActiveCfg = Release|Win32
		{8C42695C-A7EA-4665-BDA5-966DA8B07321}.Release|Win32.Build.0 = Release|Win32
		{FF93558E-B91C-4244-8D54-C12EBF530070}.Debug|Win32.ActiveCfg = Debug|Win32
		{FF93558E-B91C-4244-8D54-C12EBF530070}.Debug|Win32.Build.0 = Debug|Win32
		{FF93558E-B91C-4244-8D54-C12EBF530070}.Release|Win32.ActiveCfg = Release|Win32
		{FF93558E-B91C-4244-8D54-C12EBF530070}.Release|Win32.Build.0 = Release|Win32
	EndGlobalSection
	GlobalSection(SolutionProperties) = preSolution
		HideSolutionNode = FALSE
	EndGlobalSection
EndGlobal
