<?xml version="1.0" encoding="utf-8"?>
<Project ToolsVersion="4.0" xmlns="http://schemas.microsoft.com/developer/msbuild/2003">
  <ItemGroup>
    <Filter Include="Source Files">
      <UniqueIdentifier>{4FC737F1-C7A5-4376-A066-2A32D752A2FF}</UniqueIdentifier>
      <Extensions>cpp;c;cc;cxx;def;odl;idl;hpj;bat;asm;asmx</Extensions>
    </Filter>
    <Filter Include="Header Files">
      <UniqueIdentifier>{93995380-89BD-4b04-88EB-625FBE52EBFB}</UniqueIdentifier>
      <Extensions>h;hpp;hxx;hm;inl;inc;xsd</Extensions>
    </Filter>
    <Filter Include="Resource Files">
      <UniqueIdentifier>{67DA6AB6-F800-4c08-8B7A-83BB121AAD01}</UniqueIdentifier>
      <Extensions>rc;ico;cur;bmp;dlg;rc2;rct;bin;rgs;gif;jpg;jpeg;jpe;resx;tiff;tif;png;wav;mfcribbon-ms</Extensions>
    </Filter>
    <Filter Include="Header Files\game">
      <UniqueIdentifier>{effcec86-74ea-41ee-8d6d-02afa5272f25}</UniqueIdentifier>
    </Filter>
    <Filter Include="Header Files\general">
      <UniqueIdentifier>{65cc233a-9ca5-47e7-b8b4-148be87856f0}</UniqueIdentifier>
    </Filter>
  </ItemGroup>
  <ItemGroup>
    <ClCompile Include="main.cpp">
      <Filter>Source Files</Filter>
    </ClCompile>
  </ItemGroup>
  <ItemGroup>
    <ClInclude Include="mkPiece.h">
      <Filter>Header Files\game</Filter>
    </ClInclude>
    <ClInclude Include="mk.h">
      <Filter>Header Files\general</Filter>
    </ClInclude>
    <ClInclude Include="mkArray.h">
      <Filter>Header Files\general</Filter>
    </ClInclude>
    <ClInclude Include="mkColor.h">
      <Filter>Header Files\general</Filter>
    </ClInclude>
    <ClInclude Include="mkDraw.h">
      <Filter>Header Files\general</Filter>
    </ClInclude>
    <ClInclude Include="mkImage.h">
      <Filter>Header Files\general</Filter>
    </ClInclude>
    <ClInclude Include="mkObjLoader.h">
      <Filter>Header Files\general</Filter>
    </ClInclude>
    <ClInclude Include="mkWindow.h">
      <Filter>Header Files\general</Filter>
    </ClInclude>
    <ClInclude Include="mkTimer.h">
      <Filter>Header Files\game</Filter>
    </ClInclude>
    <ClInclude Include="mkPlayer.h">
      <Filter>Header Files\game</Filter>
    </ClInclude>
    <ClInclude Include="mkGame.h">
      <Filter>Header Files\game</Filter>
    </ClInclude>
    <ClInclude Include="mkText.h">
      <Filter>Header Files\game</Filter>
    </ClInclude>
    <ClInclude Include="mkFreeType.h">
      <Filter>Header Files\game</Filter>
    </ClInclude>
    <ClInclude Include="mkButton.h">
      <Filter>Header Files\game</Filter>
    </ClInclude>
    <ClInclude Include="mkLogo.h">
      <Filter>Header Files\game</Filter>
    </ClInclude>
    <ClInclude Include="mkInterface.h">
      <Filter>Header Files\game</Filter>
    </ClInclude>
    <ClInclude Include="mkScene.h">
      <Filter>Header Files\game</Filter>
    </ClInclude>
    <ClInclude Include="mkSound.h">
      <Filter>Header Files\game</Filter>
    </ClInclude>
    <ClInclude Include="mkNinePieces.h">
      <Filter>Header Files\game</Filter>
    </ClInclude>
    <ClInclude Include="mkScore.h">
      <Filter>Header Files\game</Filter>
    </ClInclude>
  </ItemGroup>
</Project>